Microsoft Visual Studio Solution File, Format Version 12.00
# Visual Studio Version 17
VisualStudioVersion = 17.5.2.0
MinimumVisualStudioVersion = 10.0.40219.1
Project("{FAE04EC0-301F-11D3-BF4B-00C04F79EFBC}") = "AnprDashboardServer", "AnprDashboardServer\AnprDashboardServer.csproj", "{A054BFEA-5EA5-D4B6-9290-EA0EEAB106C4}"
EndProject
Project("{FAE04EC0-301F-11D3-BF4B-00C04F79EFBC}") = "AnprDashboardWasm", "AnprDashboardWasm\AnprDashboardWasm.csproj", "{06467F31-A371-8893-EF29-BC65C90D22F4}"
EndProject
Global
	GlobalSection(SolutionConfigurationPlatforms) = preSolution
		Debug|Any CPU = Debug|Any CPU
		Release|Any CPU = Release|Any CPU
	EndGlobalSection
	GlobalSection(ProjectConfigurationPlatforms) = postSolution
		{A054BFEA-5EA5-D4B6-9290-EA0EEAB106C4}.Debug|Any CPU.ActiveCfg = Debug|Any CPU
		{A054BFEA-5EA5-D4B6-9290-EA0EEAB106C4}.Debug|Any CPU.Build.0 = Debug|Any CPU
		{A054BFEA-5EA5-D4B6-9290-EA0EEAB106C4}.Release|Any CPU.ActiveCfg = Release|Any CPU
		{A054BFEA-5EA5-D4B6-9290-EA0EEAB106C4}.Release|Any CPU.Build.0 = Release|Any CPU
		{06467F31-A371-8893-EF29-BC65C90D22F4}.Debug|Any CPU.ActiveCfg = Debug|Any CPU
		{06467F31-A371-8893-EF29-BC65C90D22F4}.Debug|Any CPU.Build.0 = Debug|Any CPU
		{06467F31-A371-8893-EF29-BC65C90D22F4}.Release|Any CPU.ActiveCfg = Release|Any CPU
		{06467F31-A371-8893-EF29-BC65C90D22F4}.Release|Any CPU.Build.0 = Release|Any CPU
	EndGlobalSection
	GlobalSection(SolutionProperties) = preSolution
		HideSolutionNode = FALSE
	EndGlobalSection
	GlobalSection(ExtensibilityGlobals) = postSolution
		SolutionGuid = {68C2D096-1FEC-43A8-8A6C-B597AEF096A2}
	EndGlobalSection
EndGlobal
